
Microsoft Visual Studio Solution File, Format Version 12.00
# Visual Studio Version 16
VisualStudioVersion = 16.0.33801.447
MinimumVisualStudioVersion = 10.0.40219.1
Project("{FAE04EC0-301F-11D3-BF4B-00C04F79EFBC}") = "FilledRectangleForms", "FilledRectangleForms\FilledRectangleForms.csproj", "{1B1BED18-E8A7-4BE4-A1E6-8BEC385AF711}"
EndProject
Project("{FAE04EC0-301F-11D3-BF4B-00C04F79EFBC}") = "Custom_Drawings", "..\..\custom_trial_controls\Custom_Drawings\Custom_Drawings.csproj", "{BCB33348-BE50-42E9-904C-8EC5160A5019}"
EndProject
Global
	GlobalSection(SolutionConfigurationPlatforms) = preSolution
		Debug|Any CPU = Debug|Any CPU
		Release|Any CPU = Release|Any CPU
	EndGlobalSection
	GlobalSection(ProjectConfigurationPlatforms) = postSolution
		{1B1BED18-E8A7-4BE4-A1E6-8BEC385AF711}.Debug|Any CPU.ActiveCfg = Debug|Any CPU
		{1B1BED18-E8A7-4BE4-A1E6-8BEC385AF711}.Debug|Any CPU.Build.0 = Debug|Any CPU
		{1B1BED18-E8A7-4BE4-A1E6-8BEC385AF711}.Release|Any CPU.ActiveCfg = Release|Any CPU
		{1B1BED18-E8A7-4BE4-A1E6-8BEC385AF711}.Release|Any CPU.Build.0 = Release|Any CPU
		{BCB33348-BE50-42E9-904C-8EC5160A5019}.Debug|Any CPU.ActiveCfg = Debug|Any CPU
		{BCB33348-BE50-42E9-904C-8EC5160A5019}.Debug|Any CPU.Build.0 = Debug|Any CPU
		{BCB33348-BE50-42E9-904C-8EC5160A5019}.Release|Any CPU.ActiveCfg = Release|Any CPU
		{BCB33348-BE50-42E9-904C-8EC5160A5019}.Release|Any CPU.Build.0 = Release|Any CPU
	EndGlobalSection
	GlobalSection(SolutionProperties) = preSolution
		HideSolutionNode = FALSE
	EndGlobalSection
	GlobalSection(ExtensibilityGlobals) = postSolution
		SolutionGuid = {11B35408-321C-4FDA-9448-8FFD6426A517}
	EndGlobalSection
EndGlobal
